// !$*UTF8*$!
{
	archiveVersion = 1;
	classes = {
	};
	objectVersion = 55;
	objects = {

/* Begin PBXBuildFile section */
		07F3EF2F27E14C9800B8A891 /* AppDelegate.swift in Sources */ = {isa = PBXBuildFile; fileRef = 07F3EF2E27E14C9800B8A891 /* AppDelegate.swift */; };
		07F3EF3127E14C9800B8A891 /* SceneDelegate.swift in Sources */ = {isa = PBXBuildFile; fileRef = 07F3EF3027E14C9800B8A891 /* SceneDelegate.swift */; };
		07F3EF3327E14C9800B8A891 /* ViewController.swift in Sources */ = {isa = PBXBuildFile; fileRef = 07F3EF3227E14C9800B8A891 /* ViewController.swift */; };
		07F3EF3627E14C9800B8A891 /* Main.storyboard in Resources */ = {isa = PBXBuildFile; fileRef = 07F3EF3427E14C9800B8A891 /* Main.storyboard */; };
		07F3EF3827E14C9A00B8A891 /* Assets.xcassets in Resources */ = {isa = PBXBuildFile; fileRef = 07F3EF3727E14C9A00B8A891 /* Assets.xcassets */; };
		07F3EF3B27E14C9A00B8A891 /* LaunchScreen.storyboard in Resources */ = {isa = PBXBuildFile; fileRef = 07F3EF3927E14C9A00B8A891 /* LaunchScreen.storyboard */; };
		07F3EF4327E14F0600B8A891 /* image.swift in Sources */ = {isa = PBXBuildFile; fileRef = 07F3EF4227E14F0600B8A891 /* image.swift */; };
		07F3EF4527E14F2B00B8A891 /* imageManager.swift in Sources */ = {isa = PBXBuildFile; fileRef = 07F3EF4427E14F2B00B8A891 /* imageManager.swift */; };
		07F3EF4727E14FF600B8A891 /* OptionsViewController.swift in Sources */ = {isa = PBXBuildFile; fileRef = 07F3EF4627E14FF600B8A891 /* OptionsViewController.swift */; };
		07F3EF4927E1518400B8A891 /* UrlImageViewController.swift in Sources */ = {isa = PBXBuildFile; fileRef = 07F3EF4827E1518400B8A891 /* UrlImageViewController.swift */; };
		07F3EF4B27E152B900B8A891 /* LocalImageViewController.swift in Sources */ = {isa = PBXBuildFile; fileRef = 07F3EF4A27E152B900B8A891 /* LocalImageViewController.swift */; };
/* End PBXBuildFile section */

/* Begin PBXFileReference section */
		07F3EF2B27E14C9800B8A891 /* ImageViewer.app */ = {isa = PBXFileReference; explicitFileType = wrapper.application; includeInIndex = 0; path = ImageViewer.app; sourceTree = BUILT_PRODUCTS_DIR; };
		07F3EF2E27E14C9800B8A891 /* AppDelegate.swift */ = {isa = PBXFileReference; lastKnownFileType = sourcecode.swift; path = AppDelegate.swift; sourceTree = "<group>"; };
		07F3EF3027E14C9800B8A891 /* SceneDelegate.swift */ = {isa = PBXFileReference; lastKnownFileType = sourcecode.swift; path = SceneDelegate.swift; sourceTree = "<group>"; };
		07F3EF3227E14C9800B8A891 /* ViewController.swift */ = {isa = PBXFileReference; lastKnownFileType = sourcecode.swift; path = ViewController.swift; sourceTree = "<group>"; };
		07F3EF3527E14C9800B8A891 /* Base */ = {isa = PBXFileReference; lastKnownFileType = file.storyboard; name = Base; path = Base.lproj/Main.storyboard; sourceTree = "<group>"; };
		07F3EF3727E14C9A00B8A891 /* Assets.xcassets */ = {isa = PBXFileReference; lastKnownFileType = folder.assetcatalog; path = Assets.xcassets; sourceTree = "<group>"; };
		07F3EF3A27E14C9A00B8A891 /* Base */ = {isa = PBXFileReference; lastKnownFileType = file.storyboard; name = Base; path = Base.lproj/LaunchScreen.storyboard; sourceTree = "<group>"; };
		07F3EF3C27E14C9A00B8A891 /* Info.plist */ = {isa = PBXFileReference; lastKnownFileType = text.plist.xml; path = Info.plist; sourceTree = "<group>"; };
		07F3EF4227E14F0600B8A891 /* image.swift */ = {isa = PBXFileReference; lastKnownFileType = sourcecode.swift; path = image.swift; sourceTree = "<group>"; };
		07F3EF4427E14F2B00B8A891 /* imageManager.swift */ = {isa = PBXFileReference; lastKnownFileType = sourcecode.swift; path = imageManager.swift; sourceTree = "<group>"; };
		07F3EF4627E14FF600B8A891 /* OptionsViewController.swift */ = {isa = PBXFileReference; lastKnownFileType = sourcecode.swift; path = OptionsViewController.swift; sourceTree = "<group>"; };
		07F3EF4827E1518400B8A891 /* UrlImageViewController.swift */ = {isa = PBXFileReference; lastKnownFileType = sourcecode.swift; path = UrlImageViewController.swift; sourceTree = "<group>"; };
		07F3EF4A27E152B900B8A891 /* LocalImageViewController.swift */ = {isa = PBXFileReference; lastKnownFileType = sourcecode.swift; path = LocalImageViewController.swift; sourceTree = "<group>"; };
/* End PBXFileReference section */

/* Begin PBXFrameworksBuildPhase section */
		07F3EF2827E14C9800B8A891 /* Frameworks */ = {
			isa = PBXFrameworksBuildPhase;
			buildActionMask = 2147483647;
			files = (
			);
			runOnlyForDeploymentPostprocessing = 0;
		};
/* End PBXFrameworksBuildPhase section */

/* Begin PBXGroup section */
		07F3EF2227E14C9800B8A891 = {
			isa = PBXGroup;
			children = (
				07F3EF2D27E14C9800B8A891 /* ImageViewer */,
				07F3EF2C27E14C9800B8A891 /* Products */,
			);
			sourceTree = "<group>";
		};
		07F3EF2C27E14C9800B8A891 /* Products */ = {
			isa = PBXGroup;
			children = (
				07F3EF2B27E14C9800B8A891 /* ImageViewer.app */,
			);
			name = Products;
			sourceTree = "<group>";
		};
		07F3EF2D27E14C9800B8A891 /* ImageViewer */ = {
			isa = PBXGroup;
			children = (
				07F3EF2E27E14C9800B8A891 /* AppDelegate.swift */,
				07F3EF3027E14C9800B8A891 /* SceneDelegate.swift */,
				07F3EF3427E14C9800B8A891 /* Main.storyboard */,
				07F3EF3727E14C9A00B8A891 /* Assets.xcassets */,
				07F3EF3927E14C9A00B8A891 /* LaunchScreen.storyboard */,
				07F3EF3C27E14C9A00B8A891 /* Info.plist */,
				07F3EF6D27E266CE00B8A891 /* Models */,
				07F3EF6C27E2667C00B8A891 /* controllers */,
			);
			path = ImageViewer;
			sourceTree = "<group>";
		};
		07F3EF6C27E2667C00B8A891 /* controllers */ = {
			isa = PBXGroup;
			children = (
				07F3EF3227E14C9800B8A891 /* ViewController.swift */,
				07F3EF4627E14FF600B8A891 /* OptionsViewController.swift */,
				07F3EF4827E1518400B8A891 /* UrlImageViewController.swift */,
				07F3EF4A27E152B900B8A891 /* LocalImageViewController.swift */,
			);
			path = controllers;
			sourceTree = "<group>";
		};
		07F3EF6D27E266CE00B8A891 /* Models */ = {
			isa = PBXGroup;
			children = (
				07F3EF4227E14F0600B8A891 /* image.swift */,
				07F3EF4427E14F2B00B8A891 /* imageManager.swift */,
			);
			path = Models;
			sourceTree = "<group>";
		};
/* End PBXGroup section */

/* Begin PBXNativeTarget section */
		07F3EF2A27E14C9800B8A891 /* ImageViewer */ = {
			isa = PBXNativeTarget;
			buildConfigurationList = 07F3EF3F27E14C9A00B8A891 /* Build configuration list for PBXNativeTarget "ImageViewer" */;
			buildPhases = (
				07F3EF2727E14C9800B8A891 /* Sources */,
				07F3EF2827E14C9800B8A891 /* Frameworks */,
				07F3EF2927E14C9800B8A891 /* Resources */,
			);
			buildRules = (
			);
			dependencies = (
			);
			name = ImageViewer;
			productName = ImageViewer;
			productReference = 07F3EF2B27E14C9800B8A891 /* ImageViewer.app */;
			productType = "com.apple.product-type.application";
		};
/* End PBXNativeTarget section */

/* Begin PBXProject section */
		07F3EF2327E14C9800B8A891 /* Project object */ = {
			isa = PBXProject;
			attributes = {
				BuildIndependentTargetsInParallel = 1;
				LastSwiftUpdateCheck = 1320;
				LastUpgradeCheck = 1320;
				TargetAttributes = {
					07F3EF2A27E14C9800B8A891 = {
						CreatedOnToolsVersion = 13.2.1;
					};
				};
			};
			buildConfigurationList = 07F3EF2627E14C9800B8A891 /* Build configuration list for PBXProject "ImageViewer" */;
			compatibilityVersion = "Xcode 13.0";
			developmentRegion = en;
			hasScannedForEncodings = 0;
			knownRegions = (
				en,
				Base,
			);
			mainGroup = 07F3EF2227E14C9800B8A891;
			productRefGroup = 07F3EF2C27E14C9800B8A891 /* Products */;
			projectDirPath = "";
			projectRoot = "";
			targets = (
				07F3EF2A27E14C9800B8A891 /* ImageViewer */,
			);
		};
/* End PBXProject section */

/* Begin PBXResourcesBuildPhase section */
		07F3EF2927E14C9800B8A891 /* Resources */ = {
			isa = PBXResourcesBuildPhase;
			buildActionMask = 2147483647;
			files = (
				07F3EF3B27E14C9A00B8A891 /* LaunchScreen.storyboard in Resources */,
				07F3EF3827E14C9A00B8A891 /* Assets.xcassets in Resources */,
				07F3EF3627E14C9800B8A891 /* Main.storyboard in Resources */,
			);
			runOnlyForDeploymentPostprocessing = 0;
		};
/* End PBXResourcesBuildPhase section */

/* Begin PBXSourcesBuildPhase section */
		07F3EF2727E14C9800B8A891 /* Sources */ = {
			isa = PBXSourcesBuildPhase;
			buildActionMask = 2147483647;
			files = (
				07F3EF3327E14C9800B8A891 /* ViewController.swift in Sources */,
				07F3EF4527E14F2B00B8A891 /* imageManager.swift in Sources */,
				07F3EF4327E14F0600B8A891 /* image.swift in Sources */,
				07F3EF4727E14FF600B8A891 /* OptionsViewController.swift in Sources */,
				07F3EF2F27E14C9800B8A891 /* AppDelegate.swift in Sources */,
				07F3EF4927E1518400B8A891 /* UrlImageViewController.swift in Sources */,
				07F3EF4B27E152B900B8A891 /* LocalImageViewController.swift in Sources */,
				07F3EF3127E14C9800B8A891 /* SceneDelegate.swift in Sources */,
			);
			runOnlyForDeploymentPostprocessing = 0;
		};
/* End PBXSourcesBuildPhase section */

/* Begin PBXVariantGroup section */
		07F3EF3427E14C9800B8A891 /* Main.storyboard */ = {
			isa = PBXVariantGroup;
			children = (
				07F3EF3527E14C9800B8A891 /* Base */,
			);
			name = Main.storyboard;
			sourceTree = "<group>";
		};
		07F3EF3927E14C9A00B8A891 /* LaunchScreen.storyboard */ = {
			isa = PBXVariantGroup;
			children = (
				07F3EF3A27E14C9A00B8A891 /* Base */,
			);
			name = LaunchScreen.storyboard;
			sourceTree = "<group>";
		};
/* End PBXVariantGroup section */

/* Begin XCBuildConfiguration section */
		07F3EF3D27E14C9A00B8A891 /* Debug */ = {
			isa = XCBuildConfiguration;
			buildSettings = {
				ALWAYS_SEARCH_USER_PATHS = NO;
				CLANG_ANALYZER_NONNULL = YES;
				CLANG_ANALYZER_NUMBER_OBJECT_CONVERSION = YES_AGGRESSIVE;
				CLANG_CXX_LANGUAGE_STANDARD = "gnu++17";
				CLANG_CXX_LIBRARY = "libc++";
				CLANG_ENABLE_MODULES = YES;
				CLANG_ENABLE_OBJC_ARC = YES;
				CLANG_ENABLE_OBJC_WEAK = YES;
				CLANG_WARN_BLOCK_CAPTURE_AUTORELEASING = YES;
				CLANG_WARN_BOOL_CONVERSION = YES;
				CLANG_WARN_COMMA = YES;
				CLANG_WARN_CONSTANT_CONVERSION = YES;
				CLANG_WARN_DEPRECATED_OBJC_IMPLEMENTATIONS = YES;
				CLANG_WARN_DIRECT_OBJC_ISA_USAGE = YES_ERROR;
				CLANG_WARN_DOCUMENTATION_COMMENTS = YES;
				CLANG_WARN_EMPTY_BODY = YES;
				CLANG_WARN_ENUM_CONVERSION = YES;
				CLANG_WARN_INFINITE_RECURSION = YES;
				CLANG_WARN_INT_CONVERSION = YES;
				CLANG_WARN_NON_LITERAL_NULL_CONVERSION = YES;
				CLANG_WARN_OBJC_IMPLICIT_RETAIN_SELF = YES;
				CLANG_WARN_OBJC_LITERAL_CONVERSION = YES;
				CLANG_WARN_OBJC_ROOT_CLASS = YES_ERROR;
				CLANG_WARN_QUOTED_INCLUDE_IN_FRAMEWORK_HEADER = YES;
				CLANG_WARN_RANGE_LOOP_ANALYSIS = YES;
				CLANG_WARN_STRICT_PROTOTYPES = YES;
				CLANG_WARN_SUSPICIOUS_MOVE = YES;
				CLANG_WARN_UNGUARDED_AVAILABILITY = YES_AGGRESSIVE;
				CLANG_WARN_UNREACHABLE_CODE = YES;
				CLANG_WARN__DUPLICATE_METHOD_MATCH = YES;
				COPY_PHASE_STRIP = NO;
				DEBUG_INFORMATION_FORMAT = dwarf;
				ENABLE_STRICT_OBJC_MSGSEND = YES;
				ENABLE_TESTABILITY = YES;
				GCC_C_LANGUAGE_STANDARD = gnu11;
				GCC_DYNAMIC_NO_PIC = NO;
				GCC_NO_COMMON_BLOCKS = YES;
				GCC_OPTIMIZATION_LEVEL = 0;
				GCC_PREPROCESSOR_DEFINITIONS = (
					"DEBUG=1",
					"$(inherited)",
				);
				GCC_WARN_64_TO_32_BIT_CONVERSION = YES;
				GCC_WARN_ABOUT_RETURN_TYPE = YES_ERROR;
				GCC_WARN_UNDECLARED_SELECTOR = YES;
				GCC_WARN_UNINITIALIZED_AUTOS = YES_AGGRESSIVE;
				GCC_WARN_UNUSED_FUNCTION = YES;
				GCC_WARN_UNUSED_VARIABLE = YES;
				IPHONEOS_DEPLOYMENT_TARGET = 15.2;
				MTL_ENABLE_DEBUG_INFO = INCLUDE_SOURCE;
				MTL_FAST_MATH = YES;
				ONLY_ACTIVE_ARCH = YES;
				SDKROOT = iphoneos;
				SWIFT_ACTIVE_COMPILATION_CONDITIONS = DEBUG;
				SWIFT_OPTIMIZATION_LEVEL = "-Onone";
			};
			name = Debug;
		};
		07F3EF3E27E14C9A00B8A891 /* Release */ = {
			isa = XCBuildConfiguration;
			buildSettings = {
				ALWAYS_SEARCH_USER_PATHS = NO;
				CLANG_ANALYZER_NONNULL = YES;
				CLANG_ANALYZER_NUMBER_OBJECT_CONVERSION = YES_AGGRESSIVE;
				CLANG_CXX_LANGUAGE_STANDARD = "gnu++17";
				CLANG_CXX_LIBRARY = "libc++";
				CLANG_ENABLE_MODULES = YES;
				CLANG_ENABLE_OBJC_ARC = YES;
				CLANG_ENABLE_OBJC_WEAK = YES;
				CLANG_WARN_BLOCK_CAPTURE_AUTORELEASING = YES;
				CLANG_WARN_BOOL_CONVERSION = YES;
				CLANG_WARN_COMMA = YES;
				CLANG_WARN_CONSTANT_CONVERSION = YES;
				CLANG_WARN_DEPRECATED_OBJC_IMPLEMENTATIONS = YES;
				CLANG_WARN_DIRECT_OBJC_ISA_USAGE = YES_ERROR;
				CLANG_WARN_DOCUMENTATION_COMMENTS = YES;
				CLANG_WARN_EMPTY_BODY = YES;
				CLANG_WARN_ENUM_CONVERSION = YES;
				CLANG_WARN_INFINITE_RECURSION = YES;
				CLANG_WARN_INT_CONVERSION = YES;
				CLANG_WARN_NON_LITERAL_NULL_CONVERSION = YES;
				CLANG_WARN_OBJC_IMPLICIT_RETAIN_SELF = YES;
				CLANG_WARN_OBJC_LITERAL_CONVERSION = YES;
				CLANG_WARN_OBJC_ROOT_CLASS = YES_ERROR;
				CLANG_WARN_QUOTED_INCLUDE_IN_FRAMEWORK_HEADER = YES;
				CLANG_WARN_RANGE_LOOP_ANALYSIS = YES;
				CLANG_WARN_STRICT_PROTOTYPES = YES;
				CLANG_WARN_SUSPICIOUS_MOVE = YES;
				CLANG_WARN_UNGUARDED_AVAILABILITY = YES_AGGRESSIVE;
				CLANG_WARN_UNREACHABLE_CODE = YES;
				CLANG_WARN__DUPLICATE_METHOD_MATCH = YES;
				COPY_PHASE_STRIP = NO;
				DEBUG_INFORMATION_FORMAT = "dwarf-with-dsym";
				ENABLE_NS_ASSERTIONS = NO;
				ENABLE_STRICT_OBJC_MSGSEND = YES;
				GCC_C_LANGUAGE_STANDARD = gnu11;
				GCC_NO_COMMON_BLOCKS = YES;
				GCC_WARN_64_TO_32_BIT_CONVERSION = YES;
				GCC_WARN_ABOUT_RETURN_TYPE = YES_ERROR;
				GCC_WARN_UNDECLARED_SELECTOR = YES;
				GCC_WARN_UNINITIALIZED_AUTOS = YES_AGGRESSIVE;
				GCC_WARN_UNUSED_FUNCTION = YES;
				GCC_WARN_UNUSED_VARIABLE = YES;
				IPHONEOS_DEPLOYMENT_TARGET = 15.2;
				MTL_ENABLE_DEBUG_INFO = NO;
				MTL_FAST_MATH = YES;
				SDKROOT = iphoneos;
				SWIFT_COMPILATION_MODE = wholemodule;
				SWIFT_OPTIMIZATION_LEVEL = "-O";
				VALIDATE_PRODUCT = YES;
			};
			name = Release;
		};
		07F3EF4027E14C9A00B8A891 /* Debug */ = {
			isa = XCBuildConfiguration;
			buildSettings = {
				ASSETCATALOG_COMPILER_APPICON_NAME = AppIcon;
				ASSETCATALOG_COMPILER_GLOBAL_ACCENT_COLOR_NAME = AccentColor;
				CODE_SIGN_STYLE = Automatic;
				CURRENT_PROJECT_VERSION = 1;
				GENERATE_INFOPLIST_FILE = YES;
				INFOPLIST_FILE = ImageViewer/Info.plist;
				INFOPLIST_KEY_UIApplicationSupportsIndirectInputEvents = YES;
				INFOPLIST_KEY_UILaunchStoryboardName = LaunchScreen;
				INFOPLIST_KEY_UIMainStoryboardFile = Main;
				INFOPLIST_KEY_UISupportedInterfaceOrientations_iPad = "UIInterfaceOrientationPortrait UIInterfaceOrientationPortraitUpsideDown UIInterfaceOrientationLandscapeLeft UIInterfaceOrientationLandscapeRight";
				INFOPLIST_KEY_UISupportedInterfaceOrientations_iPhone = "UIInterfaceOrientationPortrait UIInterfaceOrientationLandscapeLeft UIInterfaceOrientationLandscapeRight";
				LD_RUNPATH_SEARCH_PATHS = (
					"$(inherited)",
					"@executable_path/Frameworks",
				);
				MARKETING_VERSION = 1.0;
				PRODUCT_BUNDLE_IDENTIFIER = com.humber.ImageViewer;
				PRODUCT_NAME = "$(TARGET_NAME)";
				SWIFT_EMIT_LOC_STRINGS = YES;
				SWIFT_VERSION = 5.0;
				TARGETED_DEVICE_FAMILY = "1,2";
			};
			name = Debug;
		};
		07F3EF4127E14C9A00B8A891 /* Release */ = {
			isa = XCBuildConfiguration;
			buildSettings = {
				ASSETCATALOG_COMPILER_APPICON_NAME = AppIcon;
				ASSETCATALOG_COMPILER_GLOBAL_ACCENT_COLOR_NAME = AccentColor;
				CODE_SIGN_STYLE = Automatic;
				CURRENT_PROJECT_VERSION = 1;
				GENERATE_INFOPLIST_FILE = YES;
				INFOPLIST_FILE = ImageViewer/Info.plist;
				INFOPLIST_KEY_UIApplicationSupportsIndirectInputEvents = YES;
				INFOPLIST_KEY_UILaunchStoryboardName = LaunchScreen;
				INFOPLIST_KEY_UIMainStoryboardFile = Main;
				INFOPLIST_KEY_UISupportedInterfaceOrientations_iPad = "UIInterfaceOrientationPortrait UIInterfaceOrientationPortraitUpsideDown UIInterfaceOrientationLandscapeLeft UIInterfaceOrientationLandscapeRight";
				INFOPLIST_KEY_UISupportedInterfaceOrientations_iPhone = "UIInterfaceOrientationPortrait UIInterfaceOrientationLandscapeLeft UIInterfaceOrientationLandscapeRight";
				LD_RUNPATH_SEARCH_PATHS = (
					"$(inherited)",
					"@executable_path/Frameworks",
				);
				MARKETING_VERSION = 1.0;
				PRODUCT_BUNDLE_IDENTIFIER = com.humber.ImageViewer;
				PRODUCT_NAME = "$(TARGET_NAME)";
				SWIFT_EMIT_LOC_STRINGS = YES;
				SWIFT_VERSION = 5.0;
				TARGETED_DEVICE_FAMILY = "1,2";
			};
			name = Release;
		};
/* End XCBuildConfiguration section */

/* Begin XCConfigurationList section */
		07F3EF2627E14C9800B8A891 /* Build configuration list for PBXProject "ImageViewer" */ = {
			isa = XCConfigurationList;
			buildConfigurations = (
				07F3EF3D27E14C9A00B8A891 /* Debug */,
				07F3EF3E27E14C9A00B8A891 /* Release */,
			);
			defaultConfigurationIsVisible = 0;
			defaultConfigurationName = Release;
		};
		07F3EF3F27E14C9A00B8A891 /* Build configuration list for PBXNativeTarget "ImageViewer" */ = {
			isa = XCConfigurationList;
			buildConfigurations = (
				07F3EF4027E14C9A00B8A891 /* Debug */,
				07F3EF4127E14C9A00B8A891 /* Release */,
			);
			defaultConfigurationIsVisible = 0;
			defaultConfigurationName = Release;
		};
/* End XCConfigurationList section */
	};
	rootObject = 07F3EF2327E14C9800B8A891 /* Project object */;
}
